[[package]]
name = "click"
version = "8.1.3"
description = "Composable command line interface toolkit"
category = "main"
optional = false
python-versions = ">=3.7"

[package.dependencies]
colorama = {version = "*", markers = "platform_system == \"Windows\""}

[[package]]
name = "colorama"
version = "0.4.4"
description = "Cross-platform colored terminal text."
category = "main"
optional = false
python-versions = ">=2.7, !=3.0.*, !=3.1.*, !=3.2.*, !=3.3.*, !=3.4.*"

[[package]]
name = "flask"
version = "2.1.2"
description = "A simple framework for building complex web applications."
category = "main"
optional = false
python-versions = ">=3.7"

[package.dependencies]
click = ">=8.0"
importlib-metadata = {version = ">=3.6.0", markers = "python_version < \"3.10\""}
itsdangerous = ">=2.0"
Jinja2 = ">=3.0"
Werkzeug = ">=2.0"

[package.extras]
async = ["asgiref (>=3.2)"]
dotenv = ["python-dotenv"]

[[package]]
name = "importlib-metadata"
version = "4.11.4"
description = "Read metadata from Python packages"
category = "main"
optional = false
python-versions = ">=3.7"

[package.dependencies]
zipp = ">=0.5"

[package.extras]
docs = ["sphinx", "jaraco.packaging (>=9)", "rst.linker (>=1.9)"]
perf = ["ipython"]
testing = ["pytest (>=6)", "pytest-checkdocs (>=2.4)", "pytest-flake8", "pytest-cov", "pytest-enabler (>=1.0.1)", "packaging", "pyfakefs", "flufl.flake8", "pytest-perf (>=0.9.2)", "pytest-black (>=0.3.7)", "pytest-mypy (>=0.9.1)", "importlib-resources (>=1.3)"]

[[package]]
name = "itsdangerous"
version = "2.1.2"
description = "Safely pass data to untrusted environments and back."
category = "main"
optional = false
python-versions = ">=3.7"

[[package]]
name = "jinja2"
version = "3.1.2"
description = "A very fast and expressive template engine."
category = "main"
optional = false
python-versions = ">=3.7"

[package.dependencies]
MarkupSafe = ">=2.0"

[package.extras]
i18n = ["Babel (>=2.7)"]

[[package]]
name = "markupsafe"
version = "2.1.1"
description = "Safely add untrusted strings to HTML/XML markup."
category = "main"
optional = false
python-versions = ">=3.7"

[[package]]
name = "numpy"
version = "1.22.2"
description = "NumPy is the fundamental package for array computing with Python."
category = "main"
optional = false
python-versions = ">=3.8"

[[package]]
name = "pybase64"
version = "1.2.2"
description = "Fast Base64 encoding/decoding"
category = "main"
optional = false
python-versions = ">=3.6"

[package.extras]
test = ["pytest (>=5.0.0)"]

[[package]]
name = "urllib3"
version = "1.26.9"
description = "HTTP library with thread-safe connection pooling, file post, and more."
category = "main"
optional = false
python-versions = ">=2.7, !=3.0.*, !=3.1.*, !=3.2.*, !=3.3.*, !=3.4.*, <4"

[package.extras]
brotli = ["brotlicffi (>=0.8.0)", "brotli (>=1.0.9)", "brotlipy (>=0.6.0)"]
secure = ["pyOpenSSL (>=0.14)", "cryptography (>=1.3.4)", "idna (>=2.0.0)", "certifi", "ipaddress"]
socks = ["PySocks (>=1.5.6,!=1.5.7,<2.0)"]

[[package]]
name = "werkzeug"
version = "2.1.2"
description = "The comprehensive WSGI web application library."
category = "main"
optional = false
python-versions = ">=3.7"

[package.extras]
watchdog = ["watchdog"]

[[package]]
name = "zipp"
version = "3.8.0"
description = "Backport of pathlib-compatible object wrapper for zip files"
category = "main"
optional = false
python-versions = ">=3.7"

[package.extras]
docs = ["sphinx", "jaraco.packaging (>=9)", "rst.linker (>=1.9)"]
testing = ["pytest (>=6)", "pytest-checkdocs (>=2.4)", "pytest-flake8", "pytest-cov", "pytest-enabler (>=1.0.1)", "jaraco.itertools", "func-timeout", "pytest-black (>=0.3.7)", "pytest-mypy (>=0.9.1)"]

[metadata]
lock-version = "1.1"
python-versions = ">=3.8.0,<3.9"
content-hash = "71efa4d72ddcc910414e245e2a88357c050efcc77f945bfe919b162ddff7e4a6"

[metadata.files]
click = [
    {file = "click-8.1.3-py3-none-any.whl", hash = "sha256:bb4d8133cb15a609f44e8213d9b391b0809795062913b383c62be0ee95b1db48"},
    {file = "click-8.1.3.tar.gz", hash = "sha256:7682dc8afb30297001674575ea00d1814d808d6a36af415a82bd481d37ba7b8e"},
]
colorama = [
    {file = "colorama-0.4.4-py2.py3-none-any.whl", hash = "sha256:9f47eda37229f68eee03b24b9748937c7dc3868f906e8ba69fbcbdd3bc5dc3e2"},
    {file = "colorama-0.4.4.tar.gz", hash = "sha256:5941b2b48a20143d2267e95b1c2a7603ce057ee39fd88e7329b0c292aa16869b"},
]
flask = [
    {file = "Flask-2.1.2-py3-none-any.whl", hash = "sha256:fad5b446feb0d6db6aec0c3184d16a8c1f6c3e464b511649c8918a9be100b4fe"},
    {file = "Flask-2.1.2.tar.gz", hash = "sha256:315ded2ddf8a6281567edb27393010fe3406188bafbfe65a3339d5787d89e477"},
]
importlib-metadata = [
    {file = "importlib_metadata-4.11.4-py3-none-any.whl", hash = "sha256:c58c8eb8a762858f49e18436ff552e83914778e50e9d2f1660535ffb364552ec"},
    {file = "importlib_metadata-4.11.4.tar.gz", hash = "sha256:5d26852efe48c0a32b0509ffbc583fda1a2266545a78d104a6f4aff3db17d700"},
]
itsdangerous = [
    {file = "itsdangerous-2.1.2-py3-none-any.whl", hash = "sha256:2c2349112351b88699d8d4b6b075022c0808887cb7ad10069318a8b0bc88db44"},
    {file = "itsdangerous-2.1.2.tar.gz", hash = "sha256:5dbbc68b317e5e42f327f9021763545dc3fc3bfe22e6deb96aaf1fc38874156a"},
]
jinja2 = [
    {file = "Jinja2-3.1.2-py3-none-any.whl", hash = "sha256:6088930bfe239f0e6710546ab9c19c9ef35e29792895fed6e6e31a023a182a61"},
    {file = "Jinja2-3.1.2.tar.gz", hash = "sha256:31351a702a408a9e7595a8fc6150fc3f43bb6bf7e319770cbc0db9df9437e852"},
]
markupsafe = [
    {file = "MarkupSafe-2.1.1-cp310-cp310-macosx_10_9_universal2.whl", hash = "sha256:86b1f75c4e7c2ac2ccdaec2b9022845dbb81880ca318bb7a0a01fbf7813e3812"},
    {file = "MarkupSafe-2.1.1-cp310-cp310-macosx_10_9_x86_64.whl", hash = "sha256:f121a1420d4e173a5d96e47e9a0c0dcff965afdf1626d28de1460815f7c4ee7a"},
    {file = "MarkupSafe-2.1.1-cp310-cp310-manylinux_2_17_aarch64.manylinux2014_aarch64.whl", hash = "sha256:a49907dd8420c5685cfa064a1335b6754b74541bbb3706c259c02ed65b644b3e"},
    {file = "MarkupSafe-2.1.1-cp310-cp310-manylinux_2_17_x86_64.manylinux2014_x86_64.whl", hash = "sha256:10c1bfff05d95783da83491be968e8fe789263689c02724e0c691933c52994f5"},
    {file = "MarkupSafe-2.1.1-cp310-cp310-manylinux_2_5_i686.manylinux1_i686.manylinux_2_17_i686.manylinux2014_i686.whl", hash = "sha256:b7bd98b796e2b6553da7225aeb61f447f80a1ca64f41d83612e6139ca5213aa4"},
    {file = "MarkupSafe-2.1.1-cp310-cp310-musllinux_1_1_aarch64.whl", hash = "sha256:b09bf97215625a311f669476f44b8b318b075847b49316d3e28c08e41a7a573f"},
    {file = "MarkupSafe-2.1.1-cp310-cp310-musllinux_1_1_i686.whl", hash = "sha256:694deca8d702d5db21ec83983ce0bb4b26a578e71fbdbd4fdcd387daa90e4d5e"},
    {file = "MarkupSafe-2.1.1-cp310-cp310-musllinux_1_1_x86_64.whl", hash = "sha256:efc1913fd2ca4f334418481c7e595c00aad186563bbc1ec76067848c7ca0a933"},
    {file = "MarkupSafe-2.1.1-cp310-cp310-win32.whl", hash = "sha256:4a33dea2b688b3190ee12bd7cfa29d39c9ed176bda40bfa11099a3ce5d3a7ac6"},
    {file = "MarkupSafe-2.1.1-cp310-cp310-win_amd64.whl", hash = "sha256:dda30ba7e87fbbb7eab1ec9f58678558fd9a6b8b853530e176eabd064da81417"},
    {file = "MarkupSafe-2.1.1-cp37-cp37m-macosx_10_9_x86_64.whl", hash = "sha256:671cd1187ed5e62818414afe79ed29da836dde67166a9fac6d435873c44fdd02"},
    {file = "MarkupSafe-2.1.1-cp37-cp37m-manylinux_2_17_aarch64.manylinux2014_aarch64.whl", hash = "sha256:3799351e2336dc91ea70b034983ee71cf2f9533cdff7c14c90ea126bfd95d65a"},
    {file = "MarkupSafe-2.1.1-cp37-cp37m-manylinux_2_17_x86_64.manylinux2014_x86_64.whl", hash = "sha256:e72591e9ecd94d7feb70c1cbd7be7b3ebea3f548870aa91e2732960fa4d57a37"},
    {file = "MarkupSafe-2.1.1-cp37-cp37m-manylinux_2_5_i686.manylinux1_i686.manylinux_2_17_i686.manylinux2014_i686.whl", hash = "sha256:6fbf47b5d3728c6aea2abb0589b5d30459e369baa772e0f37a0320185e87c980"},
    {file = "MarkupSafe-2.1.1-cp37-cp37m-musllinux_1_1_aarch64.whl", hash = "sha256:d5ee4f386140395a2c818d149221149c54849dfcfcb9f1debfe07a8b8bd63f9a"},
    {file = "MarkupSafe-2.1.1-cp37-cp37m-musllinux_1_1_i686.whl", hash = "sha256:bcb3ed405ed3222f9904899563d6fc492ff75cce56cba05e32eff40e6acbeaa3"},
    {file = "MarkupSafe-2.1.1-cp37-cp37m-musllinux_1_1_x86_64.whl", hash = "sha256:e1c0b87e09fa55a220f058d1d49d3fb8df88fbfab58558f1198e08c1e1de842a"},
    {file = "MarkupSafe-2.1.1-cp37-cp37m-win32.whl", hash = "sha256:8dc1c72a69aa7e082593c4a203dcf94ddb74bb5c8a731e4e1eb68d031e8498ff"},
    {file = "MarkupSafe-2.1.1-cp37-cp37m-win_amd64.whl", hash = "sha256:97a68e6ada378df82bc9f16b800ab77cbf4b2fada0081794318520138c088e4a"},
    {file = "MarkupSafe-2.1.1-cp38-cp38-macosx_10_9_universal2.whl", hash = "sha256:e8c843bbcda3a2f1e3c2ab25913c80a3c5376cd00c6e8c4a86a89a28c8dc5452"},
    {file = "MarkupSafe-2.1.1-cp38-cp38-macosx_10_9_x86_64.whl", hash = "sha256:0212a68688482dc52b2d45013df70d169f542b7394fc744c02a57374a4207003"},
    {file = "MarkupSafe-2.1.1-cp38-cp38-manylinux_2_17_aarch64.manylinux2014_aarch64.whl", hash = "sha256:8e576a51ad59e4bfaac456023a78f6b5e6e7651dcd383bcc3e18d06f9b55d6d1"},
    {file = "MarkupSafe-2.1.1-cp38-cp38-manylinux_2_17_x86_64.manylinux2014_x86_64.whl", hash = "sha256:4b9fe39a2ccc108a4accc2676e77da025ce383c108593d65cc909add5c3bd601"},
    {file = "MarkupSafe-2.1.1-cp38-cp38-manylinux_2_5_i686.manylinux1_i686.manylinux_2_17_i686.manylinux2014_i686.whl", hash = "sha256:96e37a3dc86e80bf81758c152fe66dbf60ed5eca3d26305edf01892257049925"},
    {file = "MarkupSafe-2.1.1-cp38-cp38-musllinux_1_1_aarch64.whl", hash = "sha256:6d0072fea50feec76a4c418096652f2c3238eaa014b2f94aeb1d56a66b41403f"},
    {file = "MarkupSafe-2.1.1-cp38-cp38-musllinux_1_1_i686.whl", hash = "sha256:089cf3dbf0cd6c100f02945abeb18484bd1ee57a079aefd52cffd17fba910b88"},
    {file = "MarkupSafe-2.1.1-cp38-cp38-musllinux_1_1_x86_64.whl", hash = "sha256:6a074d34ee7a5ce3effbc526b7083ec9731bb3cbf921bbe1d3005d4d2bdb3a63"},
    {file = "MarkupSafe-2.1.1-cp38-cp38-win32.whl", hash = "sha256:421be9fbf0ffe9ffd7a378aafebbf6f4602d564d34be190fc19a193232fd12b1"},
    {file = "MarkupSafe-2.1.1-cp38-cp38-win_amd64.whl", hash = "sha256:fc7b548b17d238737688817ab67deebb30e8073c95749d55538ed473130ec0c7"},
    {file = "MarkupSafe-2.1.1-cp39-cp39-macosx_10_9_universal2.whl", hash = "sha256:e04e26803c9c3851c931eac40c695602c6295b8d432cbe78609649ad9bd2da8a"},
    {file = "MarkupSafe-2.1.1-cp39-cp39-macosx_10_9_x86_64.whl", hash = "sha256:b87db4360013327109564f0e591bd2a3b318547bcef31b468a92ee504d07ae4f"},
    {file = "MarkupSafe-2.1.1-cp39-cp39-manylinux_2_17_aarch64.manylinux2014_aarch64.whl", hash = "sha256:99a2a507ed3ac881b975a2976d59f38c19386d128e7a9a18b7df6fff1fd4c1d6"},
    {file = "MarkupSafe-2.1.1-cp39-cp39-manylinux_2_17_x86_64.manylinux2014_x86_64.whl", hash = "sha256:56442863ed2b06d19c37f94d999035e15ee982988920e12a5b4ba29b62ad1f77"},
    {file = "MarkupSafe-2.1.1-cp39-cp39-manylinux_2_5_i686.manylinux1_i686.manylinux_2_17_i686.manylinux2014_i686.whl", hash = "sha256:3ce11ee3f23f79dbd06fb3d63e2f6af7b12db1d46932fe7bd8afa259a5996603"},
    {file = "MarkupSafe-2.1.1-cp39-cp39-musllinux_1_1_aarch64.whl", hash = "sha256:33b74d289bd2f5e527beadcaa3f401e0df0a89927c1559c8566c066fa4248ab7"},
    {file = "MarkupSafe-2.1.1-cp39-cp39-musllinux_1_1_i686.whl", hash = "sha256:43093fb83d8343aac0b1baa75516da6092f58f41200907ef92448ecab8825135"},
    {file = "MarkupSafe-2.1.1-cp39-cp39-musllinux_1_1_x86_64.whl", hash = "sha256:8e3dcf21f367459434c18e71b2a9532d96547aef8a871872a5bd69a715c15f96"},
    {file = "MarkupSafe-2.1.1-cp39-cp39-win32.whl", hash = "sha256:d4306c36ca495956b6d568d276ac11fdd9c30a36f1b6eb928070dc5360b22e1c"},
    {file = "MarkupSafe-2.1.1-cp39-cp39-win_amd64.whl", hash = "sha256:46d00d6cfecdde84d40e572d63735ef81423ad31184100411e6e3388d405e247"},
    {file = "MarkupSafe-2.1.1.tar.gz", hash = "sha256:7f91197cc9e48f989d12e4e6fbc46495c446636dfc81b9ccf50bb0ec74b91d4b"},
]
numpy = [
    {file = "numpy-1.22.2-cp310-cp310-macosx_10_14_x86_64.whl", hash = "sha256:515a8b6edbb904594685da6e176ac9fbea8f73a5ebae947281de6613e27f1956"},
    {file = "numpy-1.22.2-cp310-cp310-macosx_11_0_arm64.whl", hash = "sha256:76a4f9bce0278becc2da7da3b8ef854bed41a991f4226911a24a9711baad672c"},
    {file = "numpy-1.22.2-cp310-cp310-manylinux_2_17_aarch64.manylinux2014_aarch64.whl", hash = "sha256:168259b1b184aa83a514f307352c25c56af111c269ffc109d9704e81f72e764b"},
    {file = "numpy-1.22.2-cp310-cp310-manylinux_2_17_x86_64.manylinux2014_x86_64.whl", hash = "sha256:3556c5550de40027d3121ebbb170f61bbe19eb639c7ad0c7b482cd9b560cd23b"},
    {file = "numpy-1.22.2-cp310-cp310-win_amd64.whl", hash = "sha256:aafa46b5a39a27aca566198d3312fb3bde95ce9677085efd02c86f7ef6be4ec7"},
    {file = "numpy-1.22.2-cp38-cp38-macosx_10_14_x86_64.whl", hash = "sha256:55535c7c2f61e2b2fc817c5cbe1af7cb907c7f011e46ae0a52caa4be1f19afe2"},
    {file = "numpy-1.22.2-cp38-cp38-macosx_11_0_arm64.whl", hash = "sha256:60cb8e5933193a3cc2912ee29ca331e9c15b2da034f76159b7abc520b3d1233a"},
    {file = "numpy-1.22.2-cp38-cp38-manylinux_2_17_aarch64.manylinux2014_aarch64.whl", hash = "sha256:0b536b6840e84c1c6a410f3a5aa727821e6108f3454d81a5cd5900999ef04f89"},
    {file = "numpy-1.22.2-cp38-cp38-manylinux_2_17_x86_64.manylinux2014_x86_64.whl", hash = "sha256:2638389562bda1635b564490d76713695ff497242a83d9b684d27bb4a6cc9d7a"},
    {file = "numpy-1.22.2-cp38-cp38-win32.whl", hash = "sha256:6767ad399e9327bfdbaa40871be4254d1995f4a3ca3806127f10cec778bd9896"},
    {file = "numpy-1.22.2-cp38-cp38-win_amd64.whl", hash = "sha256:03ae5850619abb34a879d5f2d4bb4dcd025d6d8fb72f5e461dae84edccfe129f"},
    {file = "numpy-1.22.2-cp39-cp39-macosx_10_14_x86_64.whl", hash = "sha256:d76a26c5118c4d96e264acc9e3242d72e1a2b92e739807b3b69d8d47684b6677"},
    {file = "numpy-1.22.2-cp39-cp39-macosx_11_0_arm64.whl", hash = "sha256:15efb7b93806d438e3bc590ca8ef2f953b0ce4f86f337ef4559d31ec6cf9d7dd"},
    {file = "numpy-1.22.2-cp39-cp39-manylinux_2_17_aarch64.manylinux2014_aarch64.whl", hash = "sha256:badca914580eb46385e7f7e4e426fea6de0a37b9e06bec252e481ae7ec287082"},
    {file = "numpy-1.22.2-cp39-cp39-manylinux_2_17_x86_64.manylinux2014_x86_64.whl", hash = "sha256:94dd11d9f13ea1be17bac39c1942f527cbf7065f94953cf62dfe805653da2f8f"},
    {file = "numpy-1.22.2-cp39-cp39-win32.whl", hash = "sha256:8cf33634b60c9cef346663a222d9841d3bbbc0a2f00221d6bcfd0d993d5543f6"},
    {file = "numpy-1.22.2-cp39-cp39-win_amd64.whl", hash = "sha256:59153979d60f5bfe9e4c00e401e24dfe0469ef8da6d68247439d3278f30a180f"},
    {file = "numpy-1.22.2-pp38-pypy38_pp73-manylinux_2_17_x86_64.manylinux2014_x86_64.whl", hash = "sha256:4a176959b6e7e00b5a0d6f549a479f869829bfd8150282c590deee6d099bbb6e"},
    {file = "numpy-1.22.2.zip", hash = "sha256:076aee5a3763d41da6bef9565fdf3cb987606f567cd8b104aded2b38b7b47abf"},
]
pybase64 = [
    {file = "pybase64-1.2.2-cp310-cp310-macosx_10_9_x86_64.whl", hash = "sha256:ee79b48c3a19e3f5ddf0c85e46f6c15c65d623b581dd0786c214d188e9539cad"},
    {file = "pybase64-1.2.2-cp310-cp310-macosx_11_0_arm64.whl", hash = "sha256:d6d0b6b08933f3f908404a74a6befeff9d0c3fa145ed424e346f3bb09266e360"},
    {file = "pybase64-1.2.2-cp310-cp310-manylinux_2_17_aarch64.manylinux2014_aarch64.whl", hash = "sha256:7c7e7ddeb9ba2c962e2eed139f91073605f6133f071fb522df977d10d0ca415d"},
    {file = "pybase64-1.2.2-cp310-cp310-manylinux_2_17_ppc64le.manylinux2014_ppc64le.whl", hash = "sha256:4289b8149ea83fad9f0d198c91542585ba76ae1e6533997c63e0115d4d1ab79b"},
    {file = "pybase64-1.2.2-cp310-cp310-manylinux_2_17_s390x.manylinux2014_s390x.whl", hash = "sha256:03aeffad37d282cf8af76304176bb3df7a8567bbaf9aebc3766f0229672500fa"},
    {file = "pybase64-1.2.2-cp310-cp310-manylinux_2_5_i686.manylinux1_i686.manylinux_2_17_i686.manylinux2014_i686.whl", hash = "sha256:ef8a18c78f1e5e7f37ed6c08e6564216c5b19564f5bb212438f1eba0f19c9607"},
    {file = "pybase64-1.2.2-cp310-cp310-manylinux_2_5_x86_64.manylinux1_x86_64.manylinux_2_17_x86_64.manylinux2014_x86_64.whl", hash = "sha256:7ab7bfc4c0f4182d2142ed15e6afa17536c9258954ad1d23dc936ed411ac16ee"},
    {file = "pybase64-1.2.2-cp310-cp310-musllinux_1_1_aarch64.whl", hash = "sha256:d77d7b67421915a082fd41274dd94cef9c82c9dce03e4f06636543f16c399407"},
    {file = "pybase64-1.2.2-cp310-cp310-musllinux_1_1_i686.whl", hash = "sha256:71fe6a13add14c2a7ef0d800d1b0d73e1711dc0a4fb45a29c5a3cf586eb78a34"},
    {file = "pybase64-1.2.2-cp310-cp310-musllinux_1_1_ppc64le.whl", hash = "sha256:e88827ec2fd12db9d3f93dd692c8881f292e065a3e50892ac67d0b0da7489f7c"},
    {file = "pybase64-1.2.2-cp310-cp310-musllinux_1_1_s390x.whl", hash = "sha256:d5c29a701502a1a26a5bae69397f616c3510f6c3e478a32c4ae1dd8f7b6b515b"},
    {file = "pybase64-1.2.2-cp310-cp310-musllinux_1_1_x86_64.whl", hash = "sha256:520af879876b3b4d3808e1a1af3825d98cc7653330b44a1f7dc8806aceec2cb5"},
    {file = "pybase64-1.2.2-cp310-cp310-win32.whl", hash = "sha256:fa58addd890b20b922a2037169f530a91ed004b5c5d258fe3f896f4a6d57515f"},
    {file = "pybase64-1.2.2-cp310-cp310-win_amd64.whl", hash = "sha256:80c8dedda291c2967242de4c9bdddaa5c8151b238a2d83a4623d48393a2b31fa"},
    {file = "pybase64-1.2.2-cp36-cp36m-macosx_10_9_x86_64.whl", hash = "sha256:2e7b3dc73cc149a7e6543cda0d006e3b366ccad42efaa4fa3df2d2ebbc5b2e35"},
    {file = "pybase64-1.2.2-cp36-cp36m-manylinux_2_17_aarch64.manylinux2014_aarch64.whl", hash = "sha256:92cbd5b13f70658f9d130a39d67f4196bcf0cf83ed724420e96149874b568c63"},
    {file = "pybase64-1.2.2-cp36-cp36m-manylinux_2_17_ppc64le.manylinux2014_ppc64le.whl", hash = "sha256:60f15e1fa0664f4b2fafdf2208b624207a5c76bd928b47202003f4c71132a2f5"},
    {file = "pybase64-1.2.2-cp36-cp36m-manylinux_2_17_s390x.manylinux2014_s390x.whl", hash = "sha256:2be7f47ae45b9aeba342773c6044ca03338620812a5257b2e221c1bb9665a7c8"},
    {file = "pybase64-1.2.2-cp36-cp36m-manylinux_2_5_i686.manylinux1_i686.manylinux_2_17_i686.manylinux2014_i686.whl", hash = "sha256:edd27bb6cf81c4a29362b98965906fd2534d57cc37efd3b1d8364224ffaee4f2"},
    {file = "pybase64-1.2.2-cp36-cp36m-manylinux_2_5_x86_64.manylinux1_x86_64.manylinux_2_17_x86_64.manylinux2014_x86_64.whl", hash = "sha256:84dcbdc19e45eacb7917afe0e76db70c5336e7375314792a9fa69c37ca5bbf56"},
    {file = "pybase64-1.2.2-cp36-cp36m-musllinux_1_1_aarch64.whl", hash = "sha256:bdf41018265b43495e5b709a13c1f09b18024c2a2d1ef5355a1c761ea2caa6c2"},
    {file = "pybase64-1.2.2-cp36-cp36m-musllinux_1_1_i686.whl", hash = "sha256:bf56503363852a744f85ad08fd20a0a286d2616aa4feb3c1f197e34d07c872bf"},
    {file = "pybase64-1.2.2-cp36-cp36m-musllinux_1_1_ppc64le.whl", hash = "sha256:95e0e62c35acd8117f7f779c03bab4e12d4b0cc0249a57a2a2895996263a82d1"},
    {file = "pybase64-1.2.2-cp36-cp36m-musllinux_1_1_s390x.whl", hash = "sha256:5128d4dc733406777c968da211ae07255e213cd960a0b2e9fdb9d18948b6c198"},
    {file = "pybase64-1.2.2-cp36-cp36m-musllinux_1_1_x86_64.whl", hash = "sha256:994195cf1cbdb3f8658304cea731d93a2d5cae83612cddb90e6415953e03c459"},
    {file = "pybase64-1.2.2-cp36-cp36m-win32.whl", hash = "sha256:06c9750db1881f8ea5568715871c04788c8f9f01f55f7d466b7aa2dd9461436b"},
    {file = "pybase64-1.2.2-cp36-cp36m-win_amd64.whl", hash = "sha256:6b8f126849ff3446ea1a0f2b6c92bf9486447144cf1e02c2b612e2267a4dcec1"},
    {file = "pybase64-1.2.2-cp37-cp37m-macosx_10_9_x86_64.whl", hash = "sha256:2ba652cf1c9c82bb5f2772c7d69e50d99d62c57312c1c0637411d0f70fa3abe3"},
    {file = "pybase64-1.2.2-cp37-cp37m-manylinux_2_17_aarch64.manylinux2014_aarch64.whl", hash = "sha256:1eb2bc17d3bf9523ec92640c62332b0e11192fe2fead2dd5f0861593719e4e2b"},
    {file = "pybase64-1.2.2-cp37-cp37m-manylinux_2_17_ppc64le.manylinux2014_ppc64le.whl", hash = "sha256:f420da3258085992dfbc0e050f145d0f1b601bfb1013d3ad8377c158a20a2d9d"},
    {file = "pybase64-1.2.2-cp37-cp37m-manylinux_2_17_s390x.manylinux2014_s390x.whl", hash = "sha256:d3fb7a2836cdcabb00ca8cb5faf9ed93b26d45865745e32eb70e404faf8a6ccf"},
    {file = "pybase64-1.2.2-cp37-cp37m-manylinux_2_5_i686.manylinux1_i686.manylinux_2_17_i686.manylinux2014_i686.whl", hash = "sha256:779347de5125b16611d5410612e660aa7974a52cb14a10acab1cb7b123560b16"},
    {file = "pybase64-1.2.2-cp37-cp37m-manylinux_2_5_x86_64.manylinux1_x86_64.manylinux_2_17_x86_64.manylinux2014_x86_64.whl", hash = "sha256:52a5abec54b4871d829b9fed0ae1d23ce9285e309d190c7e999b67c522bb63f5"},
    {file = "pybase64-1.2.2-cp37-cp37m-musllinux_1_1_aarch64.whl", hash = "sha256:bdbf00344e81169b6b89cf4952dcea45b92a2e521e4ec9f6c35e221d3868045d"},
    {file = "pybase64-1.2.2-cp37-cp37m-musllinux_1_1_i686.whl", hash = "sha256:b8c21cedb8271d9ebfa9787e3341cca282f96f00993f59062afa3da1782c8a31"},
    {file = "pybase64-1.2.2-cp37-cp37m-musllinux_1_1_ppc64le.whl", hash = "sha256:227d86fbc8aae760277c08c893abfebbf95e49edcb55e8dc0941121d82e49f40"},
    {file = "pybase64-1.2.2-cp37-cp37m-musllinux_1_1_s390x.whl", hash = "sha256:14f06c398a9c95f62075ec54592da7dccab813cc68f27c23960c40a220a7d64c"},
    {file = "pybase64-1.2.2-cp37-cp37m-musllinux_1_1_x86_64.whl", hash = "sha256:7fbafe9c33f484a97418ec06e3e46b98ff3f8e7ca65848c84fc4b6c3833acb1f"},
    {file = "pybase64-1.2.2-cp37-cp37m-win32.whl", hash = "sha256:4908de8e71a4ed7319d49482424bf51dca41b4bb729538388878325d1cee4eac"},
    {file = "pybase64-1.2.2-cp37-cp37m-win_amd64.whl", hash = "sha256:4a8c9960ae2944c69bedff36dac03af8beab7cce4f1b7a9708abdd48fb919277"},
    {file = "pybase64-1.2.2-cp38-cp38-macosx_10_9_x86_64.whl", hash = "sha256:223fa4e6951d71e6b857b4b67c99496f1aa7e688c07798256d6082d623cfd4ec"},
    {file = "pybase64-1.2.2-cp38-cp38-macosx_11_0_arm64.whl", hash = "sha256:ecae5643460762f4665d04087b59719e0cb43a1b8a407ca7c1b4c5d9e419416f"},
    {file = "pybase64-1.2.2-cp38-cp38-manylinux_2_17_aarch64.manylinux2014_aarch64.whl", hash = "sha256:083bd31391501e77789cdef6989c1ac85d605f12dfaec58ecf003b56fcecd8a1"},
    {file = "pybase64-1.2.2-cp38-cp38-manylinux_2_17_ppc64le.manylinux2014_ppc64le.whl", hash = "sha256:8252c0d3116734484889728eebe125e6c5d2f3f1cc7cb8dbd110342df079ef94"},
    {file = "pybase64-1.2.2-cp38-cp38-manylinux_2_17_s390x.manylinux2014_s390x.whl", hash = "sha256:76978e23187754fda63cbbbc824dc66ad945cb8e141b57e1970e1c885fd09b35"},
    {file = "pybase64-1.2.2-cp38-cp38-manylinux_2_5_i686.manylinux1_i686.manylinux_2_17_i686.manylinux2014_i686.whl", hash = "sha256:74754b0b6cc32970b43d1eb45494d4d44730a43bf3e4ee12a9ad8c737837f83e"},
    {file = "pybase64-1.2.2-cp38-cp38-manylinux_2_5_x86_64.manylinux1_x86_64.manylinux_2_17_x86_64.manylinux2014_x86_64.whl", hash = "sha256:983104702075c91af22dbdefa2ec4b99699126934f366c41e7bc05ad5e89e2e1"},
    {file = "pybase64-1.2.2-cp38-cp38-musllinux_1_1_aarch64.whl", hash = "sha256:7e399994df61d6e0dfabd06fe2a4b461e815e62ef5ebfc60e43419906e31b17f"},
    {file = "pybase64-1.2.2-cp38-cp38-musllinux_1_1_i686.whl", hash = "sha256:aede141563e1ba320d400e1e74d0b3807e7fe04153e69a9606de19b7897307ea"},
    {file = "pybase64-1.2.2-cp38-cp38-musllinux_1_1_ppc64le.whl", hash = "sha256:ad9aa7a054386a2b7d6eb109f538bce9759a53341262e8b0879b62f79d9d8da7"},
    {file = "pybase64-1.2.2-cp38-cp38-musllinux_1_1_s390x.whl", hash = "sha256:9a1168dec66aa4fb73062ca9a031ca0e028e90429bd5333e307e2d7c41ab7f69"},
    {file = "pybase64-1.2.2-cp38-cp38-musllinux_1_1_x86_64.whl", hash = "sha256:6a663cfba11ae2d860a716548f0a17b2d9403a5817e769c10368894239afafb6"},
    {file = "pybase64-1.2.2-cp38-cp38-win32.whl", hash = "sha256:5f85bd8e1a133552e6fb94cee60b69d337469d294f4708e7e2ce504cd013d81c"},
    {file = "pybase64-1.2.2-cp38-cp38-win_amd64.whl", hash = "sha256:b6e51e25fd8e83e2028d6d874af8059c1685f496520e137b87de3aded9d0055a"},
    {file = "pybase64-1.2.2-cp39-cp39-macosx_10_9_x86_64.whl", hash = "sha256:90ebc76a1874c53c5bd7831ce2b5884dee113feaeca7b4cf40c958e5e7bad832"},
    {file = "pybase64-1.2.2-cp39-cp39-macosx_11_0_arm64.whl", hash = "sha256:6310792de5ce27ffc420a0f0ea90a2b3b4d6d025061f608192533549bc03d124"},
    {file = "pybase64-1.2.2-cp39-cp39-manylinux_2_17_aarch64.manylinux2014_aarch64.whl", hash = "sha256:1d53038944833d1ed7f06651fd0947cddd0f98d508809f5a4028fd9966c607e8"},
    {file = "pybase64-1.2.2-cp39-cp39-manylinux_2_17_ppc64le.manylinux2014_ppc64le.whl", hash = "sha256:60f002841f8f02883ad92d3c8e8e556a567b6745c56fc3ce39079eb42fb206e6"},
    {file = "pybase64-1.2.2-cp39-cp39-manylinux_2_17_s390x.manylinux2014_s390x.whl", hash = "sha256:b27b86544c87c9a876c70d8aa1c780ed1c6a80e24842bcf45d1f2cd2d5216e8e"},
    {file = "pybase64-1.2.2-cp39-cp39-manylinux_2_5_i686.manylinux1_i686.manylinux_2_17_i686.manylinux2014_i686.whl", hash = "sha256:a08c5cc6df5a667f261ac1d2c23ff59fd095b7e9d5b39525eaf8245ff3f8b202"},
    {file = "pybase64-1.2.2-cp39-cp39-manylinux_2_5_x86_64.manylinux1_x86_64.manylinux_2_17_x86_64.manylinux2014_x86_64.whl", hash = "sha256:1d4be51b4455697b1f99a15e42f95cb37f383832993d6d4e2f12df3264db066b"},
    {file = "pybase64-1.2.2-cp39-cp39-musllinux_1_1_aarch64.whl", hash = "sha256:9b47d2d0f0a0e2c1c74f4bff681dd4cc922ae9a4f6967444cfb3c80ac9fe2d54"},
    {file = "pybase64-1.2.2-cp39-cp39-musllinux_1_1_i686.whl", hash = "sha256:002402c6e32b8325410a7fe7633c94f7ec265ec5c164d931853a5c278d47d177"},
    {file = "pybase64-1.2.2-cp39-cp39-musllinux_1_1_ppc64le.whl", hash = "sha256:7eeaabee388db02890746022b106834476a332f0b718de90b775bd5fe1140609"},
    {file = "pybase64-1.2.2-cp39-cp39-musllinux_1_1_s390x.whl", hash = "sha256:469020014cc82eb95bcb227f1a3b41cdfd3a90147b83757cc2c939f3ed722d03"},
    {file = "pybase64-1.2.2-cp39-cp39-musllinux_1_1_x86_64.whl", hash = "sha256:428a80f731732334d2cc48779c6b411014afcfcc54b048af2c41cededba3fe05"},
    {file = "pybase64-1.2.2-cp39-cp39-win32.whl", hash = "sha256:6245c3182dd5d8563e0d7a17946db6ccf0327c4302cc4100b4b2b4c7f81f2a9e"},
    {file = "pybase64-1.2.2-cp39-cp39-win_amd64.whl", hash = "sha256:f41afa7779e71d7176e174225298aeeeff0f5c871bc3e693070842b99ef2d935"},
    {file = "pybase64-1.2.2-pp37-pypy37_pp73-macosx_10_9_x86_64.whl", hash = "sha256:8e067f9ca6e658151fb8c0a6405aff98df0e6d4a9726b65e8a1390326fd6c38c"},
    {file = "pybase64-1.2.2-pp37-pypy37_pp73-manylinux_2_17_aarch64.manylinux2014_aarch64.whl", hash = "sha256:115b486095ead72a788f7d9ff43d73457813755eab05846ad575ae0d9361e218"},
    {file = "pybase64-1.2.2-pp37-pypy37_pp73-manylinux_2_5_i686.manylinux1_i686.manylinux_2_17_i686.manylinux2014_i686.whl", hash = "sha256:b7fe9f93c250a74e82de61cce67acb4d5cff5a73db60c6707efe22193ad987a4"},
    {file = "pybase64-1.2.2-pp37-pypy37_pp73-manylinux_2_5_x86_64.manylinux1_x86_64.manylinux_2_17_x86_64.manylinux2014_x86_64.whl", hash = "sha256:138c791a53f58b3293bed0251d61f7e42f95b03abf5048b06b1b5ffc8ba64c1c"},
    {file = "pybase64-1.2.2-pp37-pypy37_pp73-win_amd64.whl", hash = "sha256:074b5915c80317a69044c64d6521754242093f40454af75404072ef4b763a476"},
    {file = "pybase64-1.2.2-pp38-pypy38_pp73-macosx_10_9_x86_64.whl", hash = "sha256:db98ffd03ab10cf80844d7adee5c00ab73aa8ddc5c9685c705dcaeee2f85381a"},
    {file = "pybase64-1.2.2-pp38-pypy38_pp73-manylinux_2_17_aarch64.manylinux2014_aarch64.whl", hash = "sha256:9ccc61ea23deac82fa96c0ab0005e88451241bd00775c21f1d334a93485e945a"},
    {file = "pybase64-1.2.2-pp38-pypy38_pp73-manylinux_2_5_i686.manylinux1_i686.manylinux_2_17_i686.manylinux2014_i686.whl", hash = "sha256:631424e78da38b90cd09905abb7d8b8b9968924a061067a86cbde4e059102ae8"},
    {file = "pybase64-1.2.2-pp38-pypy38_pp73-manylinux_2_5_x86_64.manylinux1_x86_64.manylinux_2_17_x86_64.manylinux2014_x86_64.whl", hash = "sha256:aa9e94fe7809584c5bd6c2cf1971e0be37065c518a491fd2f038e91d1697f5ac"},
    {file = "pybase64-1.2.2-pp38-pypy38_pp73-win_amd64.whl", hash = "sha256:17927f60dd0688062e39fcc1db31a00c90b6073d2f0718cdfb44b30bcfc3a5f4"},
    {file = "pybase64-1.2.2-pp39-pypy39_pp73-macosx_10_9_x86_64.whl", hash = "sha256:77741ca9d24a3cc43be7370be9d70fef335b646452b23a0601327e09b1acbcc7"},
    {file = "pybase64-1.2.2-pp39-pypy39_pp73-manylinux_2_17_aarch64.manylinux2014_aarch64.whl", hash = "sha256:d505433a8b94dd8fff53d56b7f9e3f739e8a648bea204c487da08b69d681c160"},
    {file = "pybase64-1.2.2-pp39-pypy39_pp73-manylinux_2_5_i686.manylinux1_i686.manylinux_2_17_i686.manylinux2014_i686.whl", hash = "sha256:086d9a151e165ba5ac3b23f69927e8404edcd196b5f10ef5601a029fec21dcc3"},
    {file = "pybase64-1.2.2-pp39-pypy39_pp73-manylinux_2_5_x86_64.manylinux1_x86_64.manylinux_2_17_x86_64.manylinux2014_x86_64.whl", hash = "sha256:553cb711ad3933ccc5ae6674254793cd7ba9b978b851cbc2716c47b16a108f67"},
    {file = "pybase64-1.2.2-pp39-pypy39_pp73-win_amd64.whl", hash = "sha256:8f1f2e29e7a17b9ec4a272beba4e98e924ae2011ed13a832462c592ef4180a00"},
    {file = "pybase64-1.2.2.tar.gz", hash = "sha256:befd983a5a7b6551355b6abe56723f7f9f12c580e02f126b7883b075bebff25c"},
]
urllib3 = [
    {file = "urllib3-1.26.9-py2.py3-none-any.whl", hash = "sha256:44ece4d53fb1706f667c9bd1c648f5469a2ec925fcf3a776667042d645472c14"},
    {file = "urllib3-1.26.9.tar.gz", hash = "sha256:aabaf16477806a5e1dd19aa41f8c2b7950dd3c746362d7e3223dbe6de6ac448e"},
]
werkzeug = [
    {file = "Werkzeug-2.1.2-py3-none-any.whl", hash = "sha256:72a4b735692dd3135217911cbeaa1be5fa3f62bffb8745c5215420a03dc55255"},
    {file = "Werkzeug-2.1.2.tar.gz", hash = "sha256:1ce08e8093ed67d638d63879fd1ba3735817f7a80de3674d293f5984f25fb6e6"},
]
zipp = [
    {file = "zipp-3.8.0-py3-none-any.whl", hash = "sha256:c4f6e5bbf48e74f7a38e7cc5b0480ff42b0ae5178957d564d18932525d5cf099"},
    {file = "zipp-3.8.0.tar.gz", hash = "sha256:56bf8aadb83c24db6c4b577e13de374ccfb67da2078beba1d037c17980bf43ad"},
]
